{
  "nodes": {
    "doomemacs": {
      "flake": false,
      "locked": {
        "lastModified": 1759180402,
        "narHash": "sha256-Y67ooUjDMWjPk+/IjMRnhe+OPn19Q0wF73prtExwyiI=",
        "owner": "doomemacs",
        "repo": "doomemacs",
        "rev": "5e7e93beb9f2b5a81768aaf4950203ceea21c4f6",
        "type": "github"
      },
      "original": {
        "owner": "doomemacs",
        "repo": "doomemacs",
        "type": "github"
      }
    },
    "root": {
      "inputs": {
        "doomemacs": "doomemacs"
      }
    }
  },
  "root": "root",
  "version": 7
}
