{
  "nodes": {
    "doomemacs": {
      "flake": false,
      "locked": {
        "lastModified": 1760602791,
        "narHash": "sha256-voIvrHMgs2zFNtYDxVnyBpmSCE3NFZAhhcZsUneDMLw=",
        "owner": "doomemacs",
        "repo": "doomemacs",
        "rev": "f9664ae058d67b8d97cb8a9c40744fefc3e5479f",
        "type": "github"
      },
      "original": {
        "owner": "doomemacs",
        "repo": "doomemacs",
        "type": "github"
      }
    },
    "root": {
      "inputs": {
        "doomemacs": "doomemacs"
      }
    }
  },
  "root": "root",
  "version": 7
}
