{
  "nodes": {
    "doomemacs": {
      "flake": false,
      "locked": {
        "lastModified": 1772783183,
        "narHash": "sha256-YpqMWBeMQHHwlwCjXe7zU9UKU8Up7rdXTKikPsiHNJw=",
        "owner": "doomemacs",
        "repo": "doomemacs",
        "rev": "15d55259159d471f5bd329c712f1010c39e3cc37",
        "type": "github"
      },
      "original": {
        "owner": "doomemacs",
        "repo": "doomemacs",
        "type": "github"
      }
    },
    "root": {
      "inputs": {
        "doomemacs": "doomemacs"
      }
    }
  },
  "root": "root",
  "version": 7
}
